// !$*UTF8*$!
{
	archiveVersion = 1;
	classes = {
	};
	objectVersion = 77;
	objects = {

/* Begin PBXBuildFile section */
		01DD6DAA1AB77AEBEB9E9445 /* Gameweek.swift in Sources */ = {isa = PBXBuildFile; fileRef = 8C8CA520C03B704C80A9EE64 /* Gameweek.swift */; };
		036DD3A47815789A75D32912 /* JoinPaidLeagueView+Subviews.swift in Sources */ = {isa = PBXBuildFile; fileRef = 90E51A69C9956AE38B5BC50D /* JoinPaidLeagueView+Subviews.swift */; };
		067DB988E114446D5B88B2AE /* WalletView+Transactions.swift in Sources */ = {isa = PBXBuildFile; fileRef = F8A69DA96FB2FEE16834DDB9 /* WalletView+Transactions.swift */; };
		07D4065B76C454F135FBEEF6 /* ProfileView.swift in Sources */ = {isa = PBXBuildFile; fileRef = D6F92FE092EC760C205458A7 /* ProfileView.swift */; };
		09BA31524053D46EBF2F0A12 /* AppError.swift in Sources */ = {isa = PBXBuildFile; fileRef = CB29F01766DC5BCB51AB45C5 /* AppError.swift */; };
		09C7D71D93EEFEBA179955E1 /* HomeView.swift in Sources */ = {isa = PBXBuildFile; fileRef = 7AB86047F9178A4FF08B9548 /* HomeView.swift */; };
		0C2DC6ACB464002B41FEA8BC /* Icons.swift in Sources */ = {isa = PBXBuildFile; fileRef = A20EEF6DF0971C84B2752983 /* Icons.swift */; };
		0D4C0C6EB925B28A65785DE7 /* League.swift in Sources */ = {isa = PBXBuildFile; fileRef = 2E4517097C58F3AB9DB59A38 /* League.swift */; };
		0D79E4579CB7F23AA8175EB9 /* LeagueDetailView+Paid.swift in Sources */ = {isa = PBXBuildFile; fileRef = 9B2439FBEE2B6C2E0BDCAD79 /* LeagueDetailView+Paid.swift */; };
		0DE9DD6CD2045D9CEC06F13E /* BrowseLeaguesView.swift in Sources */ = {isa = PBXBuildFile; fileRef = 32951A4690F620B60F611917 /* BrowseLeaguesView.swift */; };
		0E083C85DC27FAF02D9BE4A4 /* PulsingDot.swift in Sources */ = {isa = PBXBuildFile; fileRef = B64690CC8700A04DD2083CB7 /* PulsingDot.swift */; };
		0EE5AAF2D746D1A12E5C7D57 /* HomeViewModel.swift in Sources */ = {isa = PBXBuildFile; fileRef = 2015515265CB0DEA4256073A /* HomeViewModel.swift */; };
		13276B4BB8B6DAE2DC10E93D /* LeagueDetailViewModel.swift in Sources */ = {isa = PBXBuildFile; fileRef = 29BF730C75D35E03E1378D24 /* LeagueDetailViewModel.swift */; };
		1363475ADE53D059237648E4 /* JoinPaidLeagueViewModelTests.swift in Sources */ = {isa = PBXBuildFile; fileRef = 1189DFA9A9732FE172DBAF3B /* JoinPaidLeagueViewModelTests.swift */; };
		14E2ECAD13057A938E1C4719 /* FeatureFlags.swift in Sources */ = {isa = PBXBuildFile; fileRef = 48C9C8665BDFF415589ABE7A /* FeatureFlags.swift */; };
		155C54060AD809FA40F6602B /* LeaguesView+EmptyState.swift in Sources */ = {isa = PBXBuildFile; fileRef = EB8658DE59E52977533B5D63 /* LeaguesView+EmptyState.swift */; };
		18E72417EAA25C39CDB7DA80 /* Supabase in Frameworks */ = {isa = PBXBuildFile; productRef = 9BBCF177D8E7D14FC85A2F79 /* Supabase */; };
		221D54F9C05D7B44FFAB4AC0 /* NotificationPreferencesView.swift in Sources */ = {isa = PBXBuildFile; fileRef = 91C9DFA9DF708B041B1E1F5E /* NotificationPreferencesView.swift */; };
		225029DF0BEC0AFD0598257B /* TeamBadge.swift in Sources */ = {isa = PBXBuildFile; fileRef = F3B420A835DBEB60E1455BEC /* TeamBadge.swift */; };
		233E9BC5A265936419B27800 /* PicksViewModelTests.swift in Sources */ = {isa = PBXBuildFile; fileRef = D45FA7FC994C841B0871B333 /* PicksViewModelTests.swift */; };
		24F3BAACAB43A7F520A0BA26 /* ThemeSpacing.swift in Sources */ = {isa = PBXBuildFile; fileRef = 75F26D06C3C9C88A1D2D1492 /* ThemeSpacing.swift */; };
		29A2206B22EE30D254A97647 /* DevResetService.swift in Sources */ = {isa = PBXBuildFile; fileRef = C4D1CCAF5D25A85F75E467DC /* DevResetService.swift */; };
		2BC557CC3EADA62F50338CCA /* DSCard.swift in Sources */ = {isa = PBXBuildFile; fileRef = A9DF242F38270F8CEB654549 /* DSCard.swift */; };
		2D7DBA6EDE2F2535F124850B /* PickHistoryView.swift in Sources */ = {isa = PBXBuildFile; fileRef = 26831BF8D897F9900446B241 /* PickHistoryView.swift */; };
		2E15854077E5DD6DDE3174EE /* GoogleGLogo.swift in Sources */ = {isa = PBXBuildFile; fileRef = 765A7BEA9430F7062517F93F /* GoogleGLogo.swift */; };
		2FCEB6BA829EC93E079DED85 /* LeaguePreview.swift in Sources */ = {isa = PBXBuildFile; fileRef = 2E753C76862AFD099D5FD8DC /* LeaguePreview.swift */; };
		319A129B56079D021616A322 /* LeaguesViewModel.swift in Sources */ = {isa = PBXBuildFile; fileRef = C85AC94E06CB38EE15F06FBD /* LeaguesViewModel.swift */; };
		394B36BDFC9E6193A2B80389 /* LeagueDetailView+Stats.swift in Sources */ = {isa = PBXBuildFile; fileRef = 4275A214EFB0ACFC61834626 /* LeagueDetailView+Stats.swift */; };
		3BC2D63D9468ABAB568C53CB /* HomeService+Results.swift in Sources */ = {isa = PBXBuildFile; fileRef = A7087D5C0F7D5B30E7C38D5E /* HomeService+Results.swift */; };
		3D493E78B785A7D3FD97BF35 /* Assets.xcassets in Resources */ = {isa = PBXBuildFile; fileRef = C1BE5AB66D75DBBC1C9404F7 /* Assets.xcassets */; };
		4668BAF70224B38BF6FF3B73 /* CreateLeagueViewModelTests.swift in Sources */ = {isa = PBXBuildFile; fileRef = 6EADF3F67687936B1B06DE55 /* CreateLeagueViewModelTests.swift */; };
		4843B64FD488579B895F5B35 /* ResultsView.swift in Sources */ = {isa = PBXBuildFile; fileRef = EA855EAE8D23079E4160D476 /* ResultsView.swift */; };
		490F9A1B4284771141E6B3D5 /* ResultsService.swift in Sources */ = {isa = PBXBuildFile; fileRef = 312D0FA3E5C4632084A176EE /* ResultsService.swift */; };
		4995279C4CAEB9551195E099 /* LeagueCompleteView.swift in Sources */ = {isa = PBXBuildFile; fileRef = 55215FBC5D5182D9EFF96329 /* LeagueCompleteView.swift */; };
		4D0DF1D18E3E6CECED885E65 /* EmptyStateView.swift in Sources */ = {isa = PBXBuildFile; fileRef = ED3599088E164230E495EE2F /* EmptyStateView.swift */; };
		4E70BBEDA3326F3325610985 /* LeagueMember.swift in Sources */ = {isa = PBXBuildFile; fileRef = CCB24355D187DD94CBEFDA16 /* LeagueMember.swift */; };
		5333C5A849111C688BBCCD20 /* main.swift in Sources */ = {isa = PBXBuildFile; fileRef = 2633AE9B5F6EF75C4868CB74 /* main.swift */; };
		56C22940504502DFFEBBB4BE /* Pick.swift in Sources */ = {isa = PBXBuildFile; fileRef = F15233A6AC65D121675A236F /* Pick.swift */; };
		56CC2E236030EE4F473EB416 /* DSTextField.swift in Sources */ = {isa = PBXBuildFile; fileRef = 0B4AD36135713033ED1110B6 /* DSTextField.swift */; };
		5B1D3BD5BF64D0868A40FD12 /* CreateLeagueViewModel.swift in Sources */ = {isa = PBXBuildFile; fileRef = F63B37BEFCB4682687939E4D /* CreateLeagueViewModel.swift */; };
		5B703ED28C4EB3B3B19CA10C /* ShareSheet.swift in Sources */ = {isa = PBXBuildFile; fileRef = B05E74013E0DD11B4E81E359 /* ShareSheet.swift */; };
		5FD672369F2F07E944517E6C /* LeagueDetailView.swift in Sources */ = {isa = PBXBuildFile; fileRef = 80B986FB70A636F5DD70A708 /* LeagueDetailView.swift */; };
		6600A4A50ED0A47DBB6F4A73 /* Log.swift in Sources */ = {isa = PBXBuildFile; fileRef = AD7BAEC05B2931D2A196CC6E /* Log.swift */; };
		6CDBCAD0778793C345BF146E /* JoinLeagueViewModel.swift in Sources */ = {isa = PBXBuildFile; fileRef = 5400A7FE42C06A3A94D18530 /* JoinLeagueViewModel.swift */; };
		6CDC076973D537CE150C8EA8 /* PickService.swift in Sources */ = {isa = PBXBuildFile; fileRef = 2AF21542E7A38A26F09257F8 /* PickService.swift */; };
		7148A25510275A0026B45C25 /* AuthViewModelTests.swift in Sources */ = {isa = PBXBuildFile; fileRef = 8A13501440E745127E554365 /* AuthViewModelTests.swift */; };
		725CEFDA6A667F263372E146 /* ProfileViewModelTests.swift in Sources */ = {isa = PBXBuildFile; fileRef = 232FF3BB74DCCA3F4DA0D71A /* ProfileViewModelTests.swift */; };
		73E4655BE72ED40E5B80E949 /* WalletViewModelTests.swift in Sources */ = {isa = PBXBuildFile; fileRef = 4C81C00D8D1E1BDBDE0C1C12 /* WalletViewModelTests.swift */; };
		792AE4EF19C36B51EB6B1FC5 /* WalletView+Sheets.swift in Sources */ = {isa = PBXBuildFile; fileRef = 02AFA863A205D6EBCA08EA91 /* WalletView+Sheets.swift */; };
		797E94A6CEB57E38168B66EE /* JoinPaidLeagueView.swift in Sources */ = {isa = PBXBuildFile; fileRef = A820EA2E715BCCC4D24C745F /* JoinPaidLeagueView.swift */; };
		7C5CA7DDC77D53BE014A8737 /* ProfileService.swift in Sources */ = {isa = PBXBuildFile; fileRef = C6081BF5D459A20E3A05CF49 /* ProfileService.swift */; };
		7D436E5E9070E3F8F48E64CA /* WalletViewModel.swift in Sources */ = {isa = PBXBuildFile; fileRef = B48CA2CD03079EC7728A091F /* WalletViewModel.swift */; };
		7D802E7A1FAB28A7F6B67539 /* LeaguesView+Row.swift in Sources */ = {isa = PBXBuildFile; fileRef = 314496D0C15C23D765B95D20 /* LeaguesView+Row.swift */; };
		7E125965E933660839A52394 /* NotificationServiceTests.swift in Sources */ = {isa = PBXBuildFile; fileRef = 351A08CFE9CD12D6B11A184B /* NotificationServiceTests.swift */; };
		7ED7DBFE127BB0BC6B8BFCE4 /* WalletService.swift in Sources */ = {isa = PBXBuildFile; fileRef = 96279BADF0DD877B6F1E4583 /* WalletService.swift */; };
		827D0432D1B3F2645EE11AE3 /* ProfileView+Stats.swift in Sources */ = {isa = PBXBuildFile; fileRef = ED35E7970CB18BDD49B9A131 /* ProfileView+Stats.swift */; };
		8495A42365FCA8125FDCC0A3 /* PaidLeagueService.swift in Sources */ = {isa = PBXBuildFile; fileRef = CA2AB64C6D691C6A43512A0F /* PaidLeagueService.swift */; };
		877E9354D98CD419291A1C2C /* PyramidUITests.swift in Sources */ = {isa = PBXBuildFile; fileRef = 2439413A5D89DC3B0FB2B44B /* PyramidUITests.swift */; };
		88159AEE668C70F7B75700E9 /* SupabaseDependency.swift in Sources */ = {isa = PBXBuildFile; fileRef = 1058DD31F7E446B643331071 /* SupabaseDependency.swift */; };
		937701AA830180DFC878D519 /* LeagueDetailView+MyPick.swift in Sources */ = {isa = PBXBuildFile; fileRef = 3259B64351AE3F7BEA0C5371 /* LeagueDetailView+MyPick.swift */; };
		94414CFCD6B1A40B6466906A /* OnboardingPage.swift in Sources */ = {isa = PBXBuildFile; fileRef = 58F9ED18587B1BBE59491449 /* OnboardingPage.swift */; };
		95265E073D594933F67003B6 /* ProfileStats.swift in Sources */ = {isa = PBXBuildFile; fileRef = 0EF5355DBEE8617419611EB2 /* ProfileStats.swift */; };
		96D1A82E790D90918DA4B672 /* WalletView.swift in Sources */ = {isa = PBXBuildFile; fileRef = B8BCD3F46DADD8CD42294C6C /* WalletView.swift */; };
		96FEC9F9271033CA619EAD6C /* ErrorStateView.swift in Sources */ = {isa = PBXBuildFile; fileRef = C2CA338E776E2FFBD7E7A7AA /* ErrorStateView.swift */; };
		976970E376FBEB55CCD2BB4C /* BrowseLeague.swift in Sources */ = {isa = PBXBuildFile; fileRef = 912FDAAEFFFBE2AAE048CC05 /* BrowseLeague.swift */; };
		97C476250A341A74BE0CCF44 /* AuthService.swift in Sources */ = {isa = PBXBuildFile; fileRef = BBF8340D3551DE2055CE9810 /* AuthService.swift */; };
		99A7952EFF6D4882824B622D /* NotificationService.swift in Sources */ = {isa = PBXBuildFile; fileRef = D777CF3A60C13FAA223F9058 /* NotificationService.swift */; };
		9ADB9036DC96AEEFD2A2247F /* NotificationPreferencesViewModel.swift in Sources */ = {isa = PBXBuildFile; fileRef = 054083ED1D3E595360A2AB79 /* NotificationPreferencesViewModel.swift */; };
		9B28E327E05DB10A75A8BE03 /* LeagueDetailView+Complete.swift in Sources */ = {isa = PBXBuildFile; fileRef = FA78A7680CA200466833A894 /* LeagueDetailView+Complete.swift */; };
		9BABBF1862353D78467A05C1 /* AuthViewModel.swift in Sources */ = {isa = PBXBuildFile; fileRef = 10DAC9EC7F5C9AC1B950E9F1 /* AuthViewModel.swift */; };
		9CD37873BEEB5DC6E7ADBA05 /* LeaguesView.swift in Sources */ = {isa = PBXBuildFile; fileRef = 21B4F0E8C24BE1594C483E0B /* LeaguesView.swift */; };
		9E93958EE250D6B6BF0D1852 /* PickHistoryViewModel.swift in Sources */ = {isa = PBXBuildFile; fileRef = D977B122AEA6F2FD67E78811 /* PickHistoryViewModel.swift */; };
		9E9FB184FDAD9D611FE50C82 /* PaidLeague.swift in Sources */ = {isa = PBXBuildFile; fileRef = ECF72C30AD8BCA7C858A0099 /* PaidLeague.swift */; };
		A109EC01570935EEA0659200 /* AppleSignInCoordinator.swift in Sources */ = {isa = PBXBuildFile; fileRef = 70E0ABF6DBF67D43B8A72403 /* AppleSignInCoordinator.swift */; };
		A1E645A0AB8484B6EF286AD9 /* HomeView+LiveMatch.swift in Sources */ = {isa = PBXBuildFile; fileRef = A5E48D175A1F62E65B10669D /* HomeView+LiveMatch.swift */; };
		A22D55B8BC113D8F8C25266D /* LeagueDetailView+Row.swift in Sources */ = {isa = PBXBuildFile; fileRef = 4696D6AF279C4078BE60AB5A /* LeagueDetailView+Row.swift */; };
		A9CB58CA3A97B59755CD5097 /* JoinLeagueView.swift in Sources */ = {isa = PBXBuildFile; fileRef = 1F92B2128386637B702FCB12 /* JoinLeagueView.swift */; };
		AE50172FE0206CEECC9A36E9 /* LeagueCreatedView.swift in Sources */ = {isa = PBXBuildFile; fileRef = 2485ABB28B60E960F5EF2DBD /* LeagueCreatedView.swift */; };
		AE7F2FCAF778F50C36FCAC3F /* Theme.swift in Sources */ = {isa = PBXBuildFile; fileRef = AFE022A9349F1AA3A1C91AAA /* Theme.swift */; };
		B1884A48DEF1BF61EB073278 /* ProfileViewModel.swift in Sources */ = {isa = PBXBuildFile; fileRef = 32DA20BB35D3324D2E896218 /* ProfileViewModel.swift */; };
		B90E3D25AC9B855EC6852C6D /* ColorHex.swift in Sources */ = {isa = PBXBuildFile; fileRef = 298239CC4E1599B8F4D3DD6B /* ColorHex.swift */; };
		B9AC5BCA9BD7755B156821B6 /* ConfettiView.swift in Sources */ = {isa = PBXBuildFile; fileRef = 2D9EB9DDBE53CF7BEF9B305D /* ConfettiView.swift */; };
		BCD62DC3E165765ADBC71D63 /* LeagueMember+Paid.swift in Sources */ = {isa = PBXBuildFile; fileRef = 2E07C95B627553979AA23A9D /* LeagueMember+Paid.swift */; };
		BFEFF38173238FF865088D99 /* WalletTransaction.swift in Sources */ = {isa = PBXBuildFile; fileRef = C79B2CA606CE4F01DE5A3463 /* WalletTransaction.swift */; };
		C18944C3C19FAFF9A4F6EFF8 /* ThemeTypography.swift in Sources */ = {isa = PBXBuildFile; fileRef = 55B40A2C5A1E662F39AFFF4D /* ThemeTypography.swift */; };
		C3D394837CA733E73575D7E6 /* LeagueDetailViewModelTests.swift in Sources */ = {isa = PBXBuildFile; fileRef = F216753239D19859422CE36E /* LeagueDetailViewModelTests.swift */; };
		C3EBA9B61E38E15CC9573F2A /* TransactionRow.swift in Sources */ = {isa = PBXBuildFile; fileRef = 615CD21080A04466667FE8E9 /* TransactionRow.swift */; };
		C4D198A5D7680A6177525DE9 /* StandingsService.swift in Sources */ = {isa = PBXBuildFile; fileRef = EDC52855C3048BF9B6B8F30F /* StandingsService.swift */; };
		C982F902B95FEA0B5AADDDC8 /* AuthView.swift in Sources */ = {isa = PBXBuildFile; fileRef = CC95918095D0EA3F4C29A0AA /* AuthView.swift */; };
		C9E260D01C9AA32B5AD05A5B /* NotificationPreferencesService.swift in Sources */ = {isa = PBXBuildFile; fileRef = B51FAB807FAD71BC12433A4C /* NotificationPreferencesService.swift */; };
		CAF6035A63F3ECE0739BDEF1 /* PrivacyInfo.xcprivacy in Resources */ = {isa = PBXBuildFile; fileRef = 7E7530FCBBC1C0160B080649 /* PrivacyInfo.xcprivacy */; };
		CE3177E452A07A93E0C07479 /* JoinLeagueViewModelTests.swift in Sources */ = {isa = PBXBuildFile; fileRef = 62DD3CEBABDBB6CF41146B92 /* JoinLeagueViewModelTests.swift */; };
		CEF0F8A07CD6478394576A7F /* PicksView.swift in Sources */ = {isa = PBXBuildFile; fileRef = C4DE569154E88F8F744FA9EE /* PicksView.swift */; };
		D1149DA3751901F907A1081F /* HomeView+Leagues.swift in Sources */ = {isa = PBXBuildFile; fileRef = 1F6F8E23D7F191A808321177 /* HomeView+Leagues.swift */; };
		D12C5F5A9B89E14E8900B3C6 /* HomeData.swift in Sources */ = {isa = PBXBuildFile; fileRef = 6120B5DBCD2797CD31BEA66C /* HomeData.swift */; };
		D1EAEB20746F6A1D899FCB8E /* HomeService.swift in Sources */ = {isa = PBXBuildFile; fileRef = F4A917CC8D1E61EAB117893D /* HomeService.swift */; };
		D21DBEA23D9F0317191D8415 /* MainTabView.swift in Sources */ = {isa = PBXBuildFile; fileRef = EE1157CEFF33FEBE3B474AD1 /* MainTabView.swift */; };
		D410036FE35A8276567F5B38 /* OnboardingView.swift in Sources */ = {isa = PBXBuildFile; fileRef = 55D9C15250977E3B8C1AF32D /* OnboardingView.swift */; };
		DBC5846C7E8E8D601DAB0F6B /* ThemeColors.swift in Sources */ = {isa = PBXBuildFile; fileRef = C5D3DBB275023CAAEE77B7E6 /* ThemeColors.swift */; };
		E0541239BC012BD8CF86F558 /* League+Paid.swift in Sources */ = {isa = PBXBuildFile; fileRef = 5CE85F3F7E44F4D13D7C0555 /* League+Paid.swift */; };
		E19D354135AFF1048D946323 /* PyramidApp.swift in Sources */ = {isa = PBXBuildFile; fileRef = 57CD810A22A171F8ABC04150 /* PyramidApp.swift */; };
		E280E02205887CCD8FE949C0 /* FixturePickRow.swift in Sources */ = {isa = PBXBuildFile; fileRef = 6A737D337CC0D9C3DD7714DB /* FixturePickRow.swift */; };
		E2E8101EE8A36E77B918555A /* AppState.swift in Sources */ = {isa = PBXBuildFile; fileRef = 0A0FCC08CF3FA0B871AD1842 /* AppState.swift */; };
		E3B7DDD618FAB97AD71C9556 /* WalletBalance.swift in Sources */ = {isa = PBXBuildFile; fileRef = E1C8C30BF7F9A32AEAC93132 /* WalletBalance.swift */; };
		E3C1A5F1B5F4771FBCBBDF8D /* NotificationPreferencesViewModelTests.swift in Sources */ = {isa = PBXBuildFile; fileRef = 5D3C1E53A1E0D35921806E8E /* NotificationPreferencesViewModelTests.swift */; };
		E4740370A7568165D66364B7 /* Fixture.swift in Sources */ = {isa = PBXBuildFile; fileRef = 85D4BC8659B5CE1A855BE310 /* Fixture.swift */; };
		E5AEF85652A0784CA39BDBCF /* NotificationPreferences.swift in Sources */ = {isa = PBXBuildFile; fileRef = 1B73F98A0D8E0D26B3CD5E6E /* NotificationPreferences.swift */; };
		E5E750992589E6C0F6CDB6C7 /* BrowseLeaguesViewModel.swift in Sources */ = {isa = PBXBuildFile; fileRef = 2B0E11FAEF89DD91D1C66F27 /* BrowseLeaguesViewModel.swift */; };
		EA15E4B40CF0B4AD6018E9B7 /* ResultsViewModel.swift in Sources */ = {isa = PBXBuildFile; fileRef = 827A714AF4372F27BA00F9E3 /* ResultsViewModel.swift */; };
		EA57A2E5E39C664FBA18C87D /* CreateLeagueView.swift in Sources */ = {isa = PBXBuildFile; fileRef = C387D07BEAC18E4F601DE2EF /* CreateLeagueView.swift */; };
		ECCFB5B40F1C0FDC80E94869 /* RootView.swift in Sources */ = {isa = PBXBuildFile; fileRef = 92D006D5D7CA358114130A85 /* RootView.swift */; };
		F00FD2B545BABFBACE1D27B5 /* LeagueService.swift in Sources */ = {isa = PBXBuildFile; fileRef = 334B3F95F52FDB1F1BDD29CE /* LeagueService.swift */; };
		F43FDB28B825484117B8FAFB /* ResultsViewModelTests.swift in Sources */ = {isa = PBXBuildFile; fileRef = 5930D4506392E138FBBDB9BA /* ResultsViewModelTests.swift */; };
		F5A1A1424F425CEAEF7F3E85 /* PicksViewModel.swift in Sources */ = {isa = PBXBuildFile; fileRef = 7446A3311FC4D09B53500705 /* PicksViewModel.swift */; };
		F6FB284AFFF65A792CC1ADFB /* JoinPaidLeagueViewModel.swift in Sources */ = {isa = PBXBuildFile; fileRef = F4C442226AEE75950E7DBF39 /* JoinPaidLeagueViewModel.swift */; };
		FBB9430147FB54171E83FFCD /* DSButton.swift in Sources */ = {isa = PBXBuildFile; fileRef = 733C2CAA42033AF98772CA35 /* DSButton.swift */; };
		FD7AC7C8F9B47442458B3C29 /* HomeView+Results.swift in Sources */ = {isa = PBXBuildFile; fileRef = 5B5830243A02DDF7B9C17B8C /* HomeView+Results.swift */; };
/* End PBXBuildFile section */

/* Begin PBXContainerItemProxy section */
		3CCE5D4188E8EE69DFBDCBFF /* PBXContainerItemProxy */ = {
			isa = PBXContainerItemProxy;
			containerPortal = 9A4DECC93E7D277F72BBA523 /* Project object */;
			proxyType = 1;
			remoteGlobalIDString = BA0B4CACCB7889CF292A7E0D;
			remoteInfo = Pyramid;
		};
		C1B29425AD2C1B57198E4989 /* PBXContainerItemProxy */ = {
			isa = PBXContainerItemProxy;
			containerPortal = 9A4DECC93E7D277F72BBA523 /* Project object */;
			proxyType = 1;
			remoteGlobalIDString = BA0B4CACCB7889CF292A7E0D;
			remoteInfo = Pyramid;
		};
/* End PBXContainerItemProxy section */

/* Begin PBXFileReference section */
		02AFA863A205D6EBCA08EA91 /* WalletView+Sheets.swift */ = {isa = PBXFileReference; lastKnownFileType = sourcecode.swift; path = "WalletView+Sheets.swift"; sourceTree = "<group>"; };
		054083ED1D3E595360A2AB79 /* NotificationPreferencesViewModel.swift */ = {isa = PBXFileReference; lastKnownFileType = sourcecode.swift; path = NotificationPreferencesViewModel.swift; sourceTree = "<group>"; };
		0A0FCC08CF3FA0B871AD1842 /* AppState.swift */ = {isa = PBXFileReference; lastKnownFileType = sourcecode.swift; path = AppState.swift; sourceTree = "<group>"; };
		0B4AD36135713033ED1110B6 /* DSTextField.swift */ = {isa = PBXFileReference; lastKnownFileType = sourcecode.swift; path = DSTextField.swift; sourceTree = "<group>"; };
		0EF5355DBEE8617419611EB2 /* ProfileStats.swift */ = {isa = PBXFileReference; lastKnownFileType = sourcecode.swift; path = ProfileStats.swift; sourceTree = "<group>"; };
		1058DD31F7E446B643331071 /* SupabaseDependency.swift */ = {isa = PBXFileReference; lastKnownFileType = sourcecode.swift; path = SupabaseDependency.swift; sourceTree = "<group>"; };
		10DAC9EC7F5C9AC1B950E9F1 /* AuthViewModel.swift */ = {isa = PBXFileReference; lastKnownFileType = sourcecode.swift; path = AuthViewModel.swift; sourceTree = "<group>"; };
		1189DFA9A9732FE172DBAF3B /* JoinPaidLeagueViewModelTests.swift */ = {isa = PBXFileReference; lastKnownFileType = sourcecode.swift; path = JoinPaidLeagueViewModelTests.swift; sourceTree = "<group>"; };
		15D59E24206FC0EA7FED90FA /* PyramidTests.xctest */ = {isa = PBXFileReference; includeInIndex = 0; lastKnownFileType = wrapper.cfbundle; path = PyramidTests.xctest; sourceTree = BUILT_PRODUCTS_DIR; };
		1B73F98A0D8E0D26B3CD5E6E /* NotificationPreferences.swift */ = {isa = PBXFileReference; lastKnownFileType = sourcecode.swift; path = NotificationPreferences.swift; sourceTree = "<group>"; };
		1F6F8E23D7F191A808321177 /* HomeView+Leagues.swift */ = {isa = PBXFileReference; lastKnownFileType = sourcecode.swift; path = "HomeView+Leagues.swift"; sourceTree = "<group>"; };
		1F92B2128386637B702FCB12 /* JoinLeagueView.swift */ = {isa = PBXFileReference; lastKnownFileType = sourcecode.swift; path = JoinLeagueView.swift; sourceTree = "<group>"; };
		2015515265CB0DEA4256073A /* HomeViewModel.swift */ = {isa = PBXFileReference; lastKnownFileType = sourcecode.swift; path = HomeViewModel.swift; sourceTree = "<group>"; };
		21B4F0E8C24BE1594C483E0B /* LeaguesView.swift */ = {isa = PBXFileReference; lastKnownFileType = sourcecode.swift; path = LeaguesView.swift; sourceTree = "<group>"; };
		232FF3BB74DCCA3F4DA0D71A /* ProfileViewModelTests.swift */ = {isa = PBXFileReference; lastKnownFileType = sourcecode.swift; path = ProfileViewModelTests.swift; sourceTree = "<group>"; };
		2439413A5D89DC3B0FB2B44B /* PyramidUITests.swift */ = {isa = PBXFileReference; lastKnownFileType = sourcecode.swift; path = PyramidUITests.swift; sourceTree = "<group>"; };
		2485ABB28B60E960F5EF2DBD /* LeagueCreatedView.swift */ = {isa = PBXFileReference; lastKnownFileType = sourcecode.swift; path = LeagueCreatedView.swift; sourceTree = "<group>"; };
		2633AE9B5F6EF75C4868CB74 /* main.swift */ = {isa = PBXFileReference; lastKnownFileType = sourcecode.swift; path = main.swift; sourceTree = "<group>"; };
		26831BF8D897F9900446B241 /* PickHistoryView.swift */ = {isa = PBXFileReference; lastKnownFileType = sourcecode.swift; path = PickHistoryView.swift; sourceTree = "<group>"; };
		298239CC4E1599B8F4D3DD6B /* ColorHex.swift */ = {isa = PBXFileReference; lastKnownFileType = sourcecode.swift; path = ColorHex.swift; sourceTree = "<group>"; };
		29BF730C75D35E03E1378D24 /* LeagueDetailViewModel.swift */ = {isa = PBXFileReference; lastKnownFileType = sourcecode.swift; path = LeagueDetailViewModel.swift; sourceTree = "<group>"; };
		2AF21542E7A38A26F09257F8 /* PickService.swift */ = {isa = PBXFileReference; lastKnownFileType = sourcecode.swift; path = PickService.swift; sourceTree = "<group>"; };
		2B0E11FAEF89DD91D1C66F27 /* BrowseLeaguesViewModel.swift */ = {isa = PBXFileReference; lastKnownFileType = sourcecode.swift; path = BrowseLeaguesViewModel.swift; sourceTree = "<group>"; };
		2D9EB9DDBE53CF7BEF9B305D /* ConfettiView.swift */ = {isa = PBXFileReference; lastKnownFileType = sourcecode.swift; path = ConfettiView.swift; sourceTree = "<group>"; };
		2E07C95B627553979AA23A9D /* LeagueMember+Paid.swift */ = {isa = PBXFileReference; lastKnownFileType = sourcecode.swift; path = "LeagueMember+Paid.swift"; sourceTree = "<group>"; };
		2E4517097C58F3AB9DB59A38 /* League.swift */ = {isa = PBXFileReference; lastKnownFileType = sourcecode.swift; path = League.swift; sourceTree = "<group>"; };
		2E753C76862AFD099D5FD8DC /* LeaguePreview.swift */ = {isa = PBXFileReference; lastKnownFileType = sourcecode.swift; path = LeaguePreview.swift; sourceTree = "<group>"; };
		312D0FA3E5C4632084A176EE /* ResultsService.swift */ = {isa = PBXFileReference; lastKnownFileType = sourcecode.swift; path = ResultsService.swift; sourceTree = "<group>"; };
		314496D0C15C23D765B95D20 /* LeaguesView+Row.swift */ = {isa = PBXFileReference; lastKnownFileType = sourcecode.swift; path = "LeaguesView+Row.swift"; sourceTree = "<group>"; };
		3259B64351AE3F7BEA0C5371 /* LeagueDetailView+MyPick.swift */ = {isa = PBXFileReference; lastKnownFileType = sourcecode.swift; path = "LeagueDetailView+MyPick.swift"; sourceTree = "<group>"; };
		32951A4690F620B60F611917 /* BrowseLeaguesView.swift */ = {isa = PBXFileReference; lastKnownFileType = sourcecode.swift; path = BrowseLeaguesView.swift; sourceTree = "<group>"; };
		32DA20BB35D3324D2E896218 /* ProfileViewModel.swift */ = {isa = PBXFileReference; lastKnownFileType = sourcecode.swift; path = ProfileViewModel.swift; sourceTree = "<group>"; };
		334B3F95F52FDB1F1BDD29CE /* LeagueService.swift */ = {isa = PBXFileReference; lastKnownFileType = sourcecode.swift; path = LeagueService.swift; sourceTree = "<group>"; };
		351A08CFE9CD12D6B11A184B /* NotificationServiceTests.swift */ = {isa = PBXFileReference; lastKnownFileType = sourcecode.swift; path = NotificationServiceTests.swift; sourceTree = "<group>"; };
		42379DA3E6430A94B9D0CCDB /* PyramidUITests.xctest */ = {isa = PBXFileReference; includeInIndex = 0; lastKnownFileType = wrapper.cfbundle; path = PyramidUITests.xctest; sourceTree = BUILT_PRODUCTS_DIR; };
		4275A214EFB0ACFC61834626 /* LeagueDetailView+Stats.swift */ = {isa = PBXFileReference; lastKnownFileType = sourcecode.swift; path = "LeagueDetailView+Stats.swift"; sourceTree = "<group>"; };
		4696D6AF279C4078BE60AB5A /* LeagueDetailView+Row.swift */ = {isa = PBXFileReference; lastKnownFileType = sourcecode.swift; path = "LeagueDetailView+Row.swift"; sourceTree = "<group>"; };
		48C9C8665BDFF415589ABE7A /* FeatureFlags.swift */ = {isa = PBXFileReference; lastKnownFileType = sourcecode.swift; path = FeatureFlags.swift; sourceTree = "<group>"; };
		4C81C00D8D1E1BDBDE0C1C12 /* WalletViewModelTests.swift */ = {isa = PBXFileReference; lastKnownFileType = sourcecode.swift; path = WalletViewModelTests.swift; sourceTree = "<group>"; };
		5400A7FE42C06A3A94D18530 /* JoinLeagueViewModel.swift */ = {isa = PBXFileReference; lastKnownFileType = sourcecode.swift; path = JoinLeagueViewModel.swift; sourceTree = "<group>"; };
		55215FBC5D5182D9EFF96329 /* LeagueCompleteView.swift */ = {isa = PBXFileReference; lastKnownFileType = sourcecode.swift; path = LeagueCompleteView.swift; sourceTree = "<group>"; };
		55B40A2C5A1E662F39AFFF4D /* ThemeTypography.swift */ = {isa = PBXFileReference; lastKnownFileType = sourcecode.swift; path = ThemeTypography.swift; sourceTree = "<group>"; };
		55D9C15250977E3B8C1AF32D /* OnboardingView.swift */ = {isa = PBXFileReference; lastKnownFileType = sourcecode.swift; path = OnboardingView.swift; sourceTree = "<group>"; };
		57CD810A22A171F8ABC04150 /* PyramidApp.swift */ = {isa = PBXFileReference; lastKnownFileType = sourcecode.swift; path = PyramidApp.swift; sourceTree = "<group>"; };
		58F9ED18587B1BBE59491449 /* OnboardingPage.swift */ = {isa = PBXFileReference; lastKnownFileType = sourcecode.swift; path = OnboardingPage.swift; sourceTree = "<group>"; };
		5930D4506392E138FBBDB9BA /* ResultsViewModelTests.swift */ = {isa = PBXFileReference; lastKnownFileType = sourcecode.swift; path = ResultsViewModelTests.swift; sourceTree = "<group>"; };
		5B5830243A02DDF7B9C17B8C /* HomeView+Results.swift */ = {isa = PBXFileReference; lastKnownFileType = sourcecode.swift; path = "HomeView+Results.swift"; sourceTree = "<group>"; };
		5CE85F3F7E44F4D13D7C0555 /* League+Paid.swift */ = {isa = PBXFileReference; lastKnownFileType = sourcecode.swift; path = "League+Paid.swift"; sourceTree = "<group>"; };
		5D3C1E53A1E0D35921806E8E /* NotificationPreferencesViewModelTests.swift */ = {isa = PBXFileReference; lastKnownFileType = sourcecode.swift; path = NotificationPreferencesViewModelTests.swift; sourceTree = "<group>"; };
		6120B5DBCD2797CD31BEA66C /* HomeData.swift */ = {isa = PBXFileReference; lastKnownFileType = sourcecode.swift; path = HomeData.swift; sourceTree = "<group>"; };
		615CD21080A04466667FE8E9 /* TransactionRow.swift */ = {isa = PBXFileReference; lastKnownFileType = sourcecode.swift; path = TransactionRow.swift; sourceTree = "<group>"; };
		62DD3CEBABDBB6CF41146B92 /* JoinLeagueViewModelTests.swift */ = {isa = PBXFileReference; lastKnownFileType = sourcecode.swift; path = JoinLeagueViewModelTests.swift; sourceTree = "<group>"; };
		6A737D337CC0D9C3DD7714DB /* FixturePickRow.swift */ = {isa = PBXFileReference; lastKnownFileType = sourcecode.swift; path = FixturePickRow.swift; sourceTree = "<group>"; };
		6EADF3F67687936B1B06DE55 /* CreateLeagueViewModelTests.swift */ = {isa = PBXFileReference; lastKnownFileType = sourcecode.swift; path = CreateLeagueViewModelTests.swift; sourceTree = "<group>"; };
		70E0ABF6DBF67D43B8A72403 /* AppleSignInCoordinator.swift */ = {isa = PBXFileReference; lastKnownFileType = sourcecode.swift; path = AppleSignInCoordinator.swift; sourceTree = "<group>"; };
		733C2CAA42033AF98772CA35 /* DSButton.swift */ = {isa = PBXFileReference; lastKnownFileType = sourcecode.swift; path = DSButton.swift; sourceTree = "<group>"; };
		7446A3311FC4D09B53500705 /* PicksViewModel.swift */ = {isa = PBXFileReference; lastKnownFileType = sourcecode.swift; path = PicksViewModel.swift; sourceTree = "<group>"; };
		75F26D06C3C9C88A1D2D1492 /* ThemeSpacing.swift */ = {isa = PBXFileReference; lastKnownFileType = sourcecode.swift; path = ThemeSpacing.swift; sourceTree = "<group>"; };
		765A7BEA9430F7062517F93F /* GoogleGLogo.swift */ = {isa = PBXFileReference; lastKnownFileType = sourcecode.swift; path = GoogleGLogo.swift; sourceTree = "<group>"; };
		7AB86047F9178A4FF08B9548 /* HomeView.swift */ = {isa = PBXFileReference; lastKnownFileType = sourcecode.swift; path = HomeView.swift; sourceTree = "<group>"; };
		7E7530FCBBC1C0160B080649 /* PrivacyInfo.xcprivacy */ = {isa = PBXFileReference; path = PrivacyInfo.xcprivacy; sourceTree = "<group>"; };
		80B986FB70A636F5DD70A708 /* LeagueDetailView.swift */ = {isa = PBXFileReference; lastKnownFileType = sourcecode.swift; path = LeagueDetailView.swift; sourceTree = "<group>"; };
		827A714AF4372F27BA00F9E3 /* ResultsViewModel.swift */ = {isa = PBXFileReference; lastKnownFileType = sourcecode.swift; path = ResultsViewModel.swift; sourceTree = "<group>"; };
		82F47822297EAF10E0237AC5 /* Pyramid.app */ = {isa = PBXFileReference; includeInIndex = 0; lastKnownFileType = wrapper.application; path = Pyramid.app; sourceTree = BUILT_PRODUCTS_DIR; };
		83A1FC8F1E2D276FAA656066 /* Debug.xcconfig */ = {isa = PBXFileReference; lastKnownFileType = text.xcconfig; path = Debug.xcconfig; sourceTree = "<group>"; };
		85D4BC8659B5CE1A855BE310 /* Fixture.swift */ = {isa = PBXFileReference; lastKnownFileType = sourcecode.swift; path = Fixture.swift; sourceTree = "<group>"; };
		8747EAC5112573C7139AF8D1 /* Release.xcconfig */ = {isa = PBXFileReference; lastKnownFileType = text.xcconfig; path = Release.xcconfig; sourceTree = "<group>"; };
		8A13501440E745127E554365 /* AuthViewModelTests.swift */ = {isa = PBXFileReference; lastKnownFileType = sourcecode.swift; path = AuthViewModelTests.swift; sourceTree = "<group>"; };
		8C8CA520C03B704C80A9EE64 /* Gameweek.swift */ = {isa = PBXFileReference; lastKnownFileType = sourcecode.swift; path = Gameweek.swift; sourceTree = "<group>"; };
		90E51A69C9956AE38B5BC50D /* JoinPaidLeagueView+Subviews.swift */ = {isa = PBXFileReference; lastKnownFileType = sourcecode.swift; path = "JoinPaidLeagueView+Subviews.swift"; sourceTree = "<group>"; };
		912FDAAEFFFBE2AAE048CC05 /* BrowseLeague.swift */ = {isa = PBXFileReference; lastKnownFileType = sourcecode.swift; path = BrowseLeague.swift; sourceTree = "<group>"; };
		91C9DFA9DF708B041B1E1F5E /* NotificationPreferencesView.swift */ = {isa = PBXFileReference; lastKnownFileType = sourcecode.swift; path = NotificationPreferencesView.swift; sourceTree = "<group>"; };
		92D006D5D7CA358114130A85 /* RootView.swift */ = {isa = PBXFileReference; lastKnownFileType = sourcecode.swift; path = RootView.swift; sourceTree = "<group>"; };
		96279BADF0DD877B6F1E4583 /* WalletService.swift */ = {isa = PBXFileReference; lastKnownFileType = sourcecode.swift; path = WalletService.swift; sourceTree = "<group>"; };
		9B2439FBEE2B6C2E0BDCAD79 /* LeagueDetailView+Paid.swift */ = {isa = PBXFileReference; lastKnownFileType = sourcecode.swift; path = "LeagueDetailView+Paid.swift"; sourceTree = "<group>"; };
		A20EEF6DF0971C84B2752983 /* Icons.swift */ = {isa = PBXFileReference; lastKnownFileType = sourcecode.swift; path = Icons.swift; sourceTree = "<group>"; };
		A5E48D175A1F62E65B10669D /* HomeView+LiveMatch.swift */ = {isa = PBXFileReference; lastKnownFileType = sourcecode.swift; path = "HomeView+LiveMatch.swift"; sourceTree = "<group>"; };
		A7087D5C0F7D5B30E7C38D5E /* HomeService+Results.swift */ = {isa = PBXFileReference; lastKnownFileType = sourcecode.swift; path = "HomeService+Results.swift"; sourceTree = "<group>"; };
		A820EA2E715BCCC4D24C745F /* JoinPaidLeagueView.swift */ = {isa = PBXFileReference; lastKnownFileType = sourcecode.swift; path = JoinPaidLeagueView.swift; sourceTree = "<group>"; };
		A9DF242F38270F8CEB654549 /* DSCard.swift */ = {isa = PBXFileReference; lastKnownFileType = sourcecode.swift; path = DSCard.swift; sourceTree = "<group>"; };
		AD7BAEC05B2931D2A196CC6E /* Log.swift */ = {isa = PBXFileReference; lastKnownFileType = sourcecode.swift; path = Log.swift; sourceTree = "<group>"; };
		AFE022A9349F1AA3A1C91AAA /* Theme.swift */ = {isa = PBXFileReference; lastKnownFileType = sourcecode.swift; path = Theme.swift; sourceTree = "<group>"; };
		B05E74013E0DD11B4E81E359 /* ShareSheet.swift */ = {isa = PBXFileReference; lastKnownFileType = sourcecode.swift; path = ShareSheet.swift; sourceTree = "<group>"; };
		B48CA2CD03079EC7728A091F /* WalletViewModel.swift */ = {isa = PBXFileReference; lastKnownFileType = sourcecode.swift; path = WalletViewModel.swift; sourceTree = "<group>"; };
		B51FAB807FAD71BC12433A4C /* NotificationPreferencesService.swift */ = {isa = PBXFileReference; lastKnownFileType = sourcecode.swift; path = NotificationPreferencesService.swift; sourceTree = "<group>"; };
		B64690CC8700A04DD2083CB7 /* PulsingDot.swift */ = {isa = PBXFileReference; lastKnownFileType = sourcecode.swift; path = PulsingDot.swift; sourceTree = "<group>"; };
		B8BCD3F46DADD8CD42294C6C /* WalletView.swift */ = {isa = PBXFileReference; lastKnownFileType = sourcecode.swift; path = WalletView.swift; sourceTree = "<group>"; };
		BBF8340D3551DE2055CE9810 /* AuthService.swift */ = {isa = PBXFileReference; lastKnownFileType = sourcecode.swift; path = AuthService.swift; sourceTree = "<group>"; };
		C1BE5AB66D75DBBC1C9404F7 /* Assets.xcassets */ = {isa = PBXFileReference; lastKnownFileType = folder.assetcatalog; path = Assets.xcassets; sourceTree = "<group>"; };
		C2CA338E776E2FFBD7E7A7AA /* ErrorStateView.swift */ = {isa = PBXFileReference; lastKnownFileType = sourcecode.swift; path = ErrorStateView.swift; sourceTree = "<group>"; };
		C387D07BEAC18E4F601DE2EF /* CreateLeagueView.swift */ = {isa = PBXFileReference; lastKnownFileType = sourcecode.swift; path = CreateLeagueView.swift; sourceTree = "<group>"; };
		C4D1CCAF5D25A85F75E467DC /* DevResetService.swift */ = {isa = PBXFileReference; lastKnownFileType = sourcecode.swift; path = DevResetService.swift; sourceTree = "<group>"; };
		C4DE569154E88F8F744FA9EE /* PicksView.swift */ = {isa = PBXFileReference; lastKnownFileType = sourcecode.swift; path = PicksView.swift; sourceTree = "<group>"; };
		C5D3DBB275023CAAEE77B7E6 /* ThemeColors.swift */ = {isa = PBXFileReference; lastKnownFileType = sourcecode.swift; path = ThemeColors.swift; sourceTree = "<group>"; };
		C6081BF5D459A20E3A05CF49 /* ProfileService.swift */ = {isa = PBXFileReference; lastKnownFileType = sourcecode.swift; path = ProfileService.swift; sourceTree = "<group>"; };
		C79B2CA606CE4F01DE5A3463 /* WalletTransaction.swift */ = {isa = PBXFileReference; lastKnownFileType = sourcecode.swift; path = WalletTransaction.swift; sourceTree = "<group>"; };
		C85AC94E06CB38EE15F06FBD /* LeaguesViewModel.swift */ = {isa = PBXFileReference; lastKnownFileType = sourcecode.swift; path = LeaguesViewModel.swift; sourceTree = "<group>"; };
		CA2AB64C6D691C6A43512A0F /* PaidLeagueService.swift */ = {isa = PBXFileReference; lastKnownFileType = sourcecode.swift; path = PaidLeagueService.swift; sourceTree = "<group>"; };
		CB29F01766DC5BCB51AB45C5 /* AppError.swift */ = {isa = PBXFileReference; lastKnownFileType = sourcecode.swift; path = AppError.swift; sourceTree = "<group>"; };
		CC95918095D0EA3F4C29A0AA /* AuthView.swift */ = {isa = PBXFileReference; lastKnownFileType = sourcecode.swift; path = AuthView.swift; sourceTree = "<group>"; };
		CCB24355D187DD94CBEFDA16 /* LeagueMember.swift */ = {isa = PBXFileReference; lastKnownFileType = sourcecode.swift; path = LeagueMember.swift; sourceTree = "<group>"; };
		D45FA7FC994C841B0871B333 /* PicksViewModelTests.swift */ = {isa = PBXFileReference; lastKnownFileType = sourcecode.swift; path = PicksViewModelTests.swift; sourceTree = "<group>"; };
		D6F92FE092EC760C205458A7 /* ProfileView.swift */ = {isa = PBXFileReference; lastKnownFileType = sourcecode.swift; path = ProfileView.swift; sourceTree = "<group>"; };
		D777CF3A60C13FAA223F9058 /* NotificationService.swift */ = {isa = PBXFileReference; lastKnownFileType = sourcecode.swift; path = NotificationService.swift; sourceTree = "<group>"; };
		D977B122AEA6F2FD67E78811 /* PickHistoryViewModel.swift */ = {isa = PBXFileReference; lastKnownFileType = sourcecode.swift; path = PickHistoryViewModel.swift; sourceTree = "<group>"; };
		E1C8C30BF7F9A32AEAC93132 /* WalletBalance.swift */ = {isa = PBXFileReference; lastKnownFileType = sourcecode.swift; path = WalletBalance.swift; sourceTree = "<group>"; };
		EA855EAE8D23079E4160D476 /* ResultsView.swift */ = {isa = PBXFileReference; lastKnownFileType = sourcecode.swift; path = ResultsView.swift; sourceTree = "<group>"; };
		EB8658DE59E52977533B5D63 /* LeaguesView+EmptyState.swift */ = {isa = PBXFileReference; lastKnownFileType = sourcecode.swift; path = "LeaguesView+EmptyState.swift"; sourceTree = "<group>"; };
		ECF72C30AD8BCA7C858A0099 /* PaidLeague.swift */ = {isa = PBXFileReference; lastKnownFileType = sourcecode.swift; path = PaidLeague.swift; sourceTree = "<group>"; };
		ED3599088E164230E495EE2F /* EmptyStateView.swift */ = {isa = PBXFileReference; lastKnownFileType = sourcecode.swift; path = EmptyStateView.swift; sourceTree = "<group>"; };
		ED35E7970CB18BDD49B9A131 /* ProfileView+Stats.swift */ = {isa = PBXFileReference; lastKnownFileType = sourcecode.swift; path = "ProfileView+Stats.swift"; sourceTree = "<group>"; };
		EDC52855C3048BF9B6B8F30F /* StandingsService.swift */ = {isa = PBXFileReference; lastKnownFileType = sourcecode.swift; path = StandingsService.swift; sourceTree = "<group>"; };
		EE1157CEFF33FEBE3B474AD1 /* MainTabView.swift */ = {isa = PBXFileReference; lastKnownFileType = sourcecode.swift; path = MainTabView.swift; sourceTree = "<group>"; };
		F15233A6AC65D121675A236F /* Pick.swift */ = {isa = PBXFileReference; lastKnownFileType = sourcecode.swift; path = Pick.swift; sourceTree = "<group>"; };
		F216753239D19859422CE36E /* LeagueDetailViewModelTests.swift */ = {isa = PBXFileReference; lastKnownFileType = sourcecode.swift; path = LeagueDetailViewModelTests.swift; sourceTree = "<group>"; };
		F3B420A835DBEB60E1455BEC /* TeamBadge.swift */ = {isa = PBXFileReference; lastKnownFileType = sourcecode.swift; path = TeamBadge.swift; sourceTree = "<group>"; };
		F4A917CC8D1E61EAB117893D /* HomeService.swift */ = {isa = PBXFileReference; lastKnownFileType = sourcecode.swift; path = HomeService.swift; sourceTree = "<group>"; };
		F4C442226AEE75950E7DBF39 /* JoinPaidLeagueViewModel.swift */ = {isa = PBXFileReference; lastKnownFileType = sourcecode.swift; path = JoinPaidLeagueViewModel.swift; sourceTree = "<group>"; };
		F63B37BEFCB4682687939E4D /* CreateLeagueViewModel.swift */ = {isa = PBXFileReference; lastKnownFileType = sourcecode.swift; path = CreateLeagueViewModel.swift; sourceTree = "<group>"; };
		F8A69DA96FB2FEE16834DDB9 /* WalletView+Transactions.swift */ = {isa = PBXFileReference; lastKnownFileType = sourcecode.swift; path = "WalletView+Transactions.swift"; sourceTree = "<group>"; };
		FA78A7680CA200466833A894 /* LeagueDetailView+Complete.swift */ = {isa = PBXFileReference; lastKnownFileType = sourcecode.swift; path = "LeagueDetailView+Complete.swift"; sourceTree = "<group>"; };
/* End PBXFileReference section */

/* Begin PBXFrameworksBuildPhase section */
		B89AE53CAAAC96B490772C99 /* Frameworks */ = {
			isa = PBXFrameworksBuildPhase;
			buildActionMask = 2147483647;
			files = (
				18E72417EAA25C39CDB7DA80 /* Supabase in Frameworks */,
			);
			runOnlyForDeploymentPostprocessing = 0;
		};
/* End PBXFrameworksBuildPhase section */

/* Begin PBXGroup section */
		0DAE5BC29770F4C842492A24 /* Sources */ = {
			isa = PBXGroup;
			children = (
				E7030BC2244C30637F41EBD3 /* App */,
				35318DB0CD19F8F022A8B1D4 /* Features */,
				40402C39E59DFD3975DF64C8 /* Models */,
				D7D9A854726DED9A939C085F /* Services */,
				E120C901AABAB8B890BA94F4 /* Shared */,
			);
			path = Sources;
			sourceTree = "<group>";
		};
		0EA48DC6097B7B24699A8899 /* PyramidTests */ = {
			isa = PBXGroup;
			children = (
				8A13501440E745127E554365 /* AuthViewModelTests.swift */,
				6EADF3F67687936B1B06DE55 /* CreateLeagueViewModelTests.swift */,
				62DD3CEBABDBB6CF41146B92 /* JoinLeagueViewModelTests.swift */,
				1189DFA9A9732FE172DBAF3B /* JoinPaidLeagueViewModelTests.swift */,
				F216753239D19859422CE36E /* LeagueDetailViewModelTests.swift */,
				5D3C1E53A1E0D35921806E8E /* NotificationPreferencesViewModelTests.swift */,
				351A08CFE9CD12D6B11A184B /* NotificationServiceTests.swift */,
				D45FA7FC994C841B0871B333 /* PicksViewModelTests.swift */,
				232FF3BB74DCCA3F4DA0D71A /* ProfileViewModelTests.swift */,
				5930D4506392E138FBBDB9BA /* ResultsViewModelTests.swift */,
				4C81C00D8D1E1BDBDE0C1C12 /* WalletViewModelTests.swift */,
			);
			path = PyramidTests;
			sourceTree = "<group>";
		};
		35318DB0CD19F8F022A8B1D4 /* Features */ = {
			isa = PBXGroup;
			children = (
				F0CF51E430FE32795ABC7904 /* Auth */,
				8D5900BBF0E034ACA02D733F /* Home */,
				E0953FF253E7980D5837D1F1 /* Leagues */,
				6395632043D914C2BF98B540 /* Onboarding */,
				DE76900BD73EEF3FA83B9089 /* Picks */,
				5ABBCB232C40AB841FC8FB54 /* Profile */,
				9C5F0BC9446297D25B937385 /* Results */,
				97942EE4E19BE6934876089C /* Wallet */,
			);
			path = Features;
			sourceTree = "<group>";
		};
		40402C39E59DFD3975DF64C8 /* Models */ = {
			isa = PBXGroup;
			children = (
				912FDAAEFFFBE2AAE048CC05 /* BrowseLeague.swift */,
				85D4BC8659B5CE1A855BE310 /* Fixture.swift */,
				8C8CA520C03B704C80A9EE64 /* Gameweek.swift */,
				6120B5DBCD2797CD31BEA66C /* HomeData.swift */,
				2E4517097C58F3AB9DB59A38 /* League.swift */,
				5CE85F3F7E44F4D13D7C0555 /* League+Paid.swift */,
				CCB24355D187DD94CBEFDA16 /* LeagueMember.swift */,
				2E07C95B627553979AA23A9D /* LeagueMember+Paid.swift */,
				2E753C76862AFD099D5FD8DC /* LeaguePreview.swift */,
				1B73F98A0D8E0D26B3CD5E6E /* NotificationPreferences.swift */,
				ECF72C30AD8BCA7C858A0099 /* PaidLeague.swift */,
				F15233A6AC65D121675A236F /* Pick.swift */,
				0EF5355DBEE8617419611EB2 /* ProfileStats.swift */,
				E1C8C30BF7F9A32AEAC93132 /* WalletBalance.swift */,
				C79B2CA606CE4F01DE5A3463 /* WalletTransaction.swift */,
			);
			path = Models;
			sourceTree = "<group>";
		};
		5ABBCB232C40AB841FC8FB54 /* Profile */ = {
			isa = PBXGroup;
			children = (
				91C9DFA9DF708B041B1E1F5E /* NotificationPreferencesView.swift */,
				054083ED1D3E595360A2AB79 /* NotificationPreferencesViewModel.swift */,
				D6F92FE092EC760C205458A7 /* ProfileView.swift */,
				ED35E7970CB18BDD49B9A131 /* ProfileView+Stats.swift */,
				32DA20BB35D3324D2E896218 /* ProfileViewModel.swift */,
			);
			path = Profile;
			sourceTree = "<group>";
		};
		6395632043D914C2BF98B540 /* Onboarding */ = {
			isa = PBXGroup;
			children = (
				58F9ED18587B1BBE59491449 /* OnboardingPage.swift */,
				55D9C15250977E3B8C1AF32D /* OnboardingView.swift */,
			);
			path = Onboarding;
			sourceTree = "<group>";
		};
		6A8E3D04E8EF306388292F9D /* Resources */ = {
			isa = PBXGroup;
			children = (
				C1BE5AB66D75DBBC1C9404F7 /* Assets.xcassets */,
				7E7530FCBBC1C0160B080649 /* PrivacyInfo.xcprivacy */,
			);
			path = Resources;
			sourceTree = "<group>";
		};
		6E52E27F4AAE12732F38C109 /* Components */ = {
			isa = PBXGroup;
			children = (
				733C2CAA42033AF98772CA35 /* DSButton.swift */,
				A9DF242F38270F8CEB654549 /* DSCard.swift */,
				0B4AD36135713033ED1110B6 /* DSTextField.swift */,
				ED3599088E164230E495EE2F /* EmptyStateView.swift */,
				C2CA338E776E2FFBD7E7A7AA /* ErrorStateView.swift */,
				B64690CC8700A04DD2083CB7 /* PulsingDot.swift */,
			);
			path = Components;
			sourceTree = "<group>";
		};
		8D5900BBF0E034ACA02D733F /* Home */ = {
			isa = PBXGroup;
			children = (
				7AB86047F9178A4FF08B9548 /* HomeView.swift */,
				1F6F8E23D7F191A808321177 /* HomeView+Leagues.swift */,
				A5E48D175A1F62E65B10669D /* HomeView+LiveMatch.swift */,
				5B5830243A02DDF7B9C17B8C /* HomeView+Results.swift */,
				2015515265CB0DEA4256073A /* HomeViewModel.swift */,
			);
			path = Home;
			sourceTree = "<group>";
		};
		97942EE4E19BE6934876089C /* Wallet */ = {
			isa = PBXGroup;
			children = (
				615CD21080A04466667FE8E9 /* TransactionRow.swift */,
				B8BCD3F46DADD8CD42294C6C /* WalletView.swift */,
				02AFA863A205D6EBCA08EA91 /* WalletView+Sheets.swift */,
				F8A69DA96FB2FEE16834DDB9 /* WalletView+Transactions.swift */,
				B48CA2CD03079EC7728A091F /* WalletViewModel.swift */,
			);
			path = Wallet;
			sourceTree = "<group>";
		};
		9C5F0BC9446297D25B937385 /* Results */ = {
			isa = PBXGroup;
			children = (
				EA855EAE8D23079E4160D476 /* ResultsView.swift */,
				827A714AF4372F27BA00F9E3 /* ResultsViewModel.swift */,
			);
			path = Results;
			sourceTree = "<group>";
		};
		B1B20088E7E897DDC1A96BD5 /* Config */ = {
			isa = PBXGroup;
			children = (
				83A1FC8F1E2D276FAA656066 /* Debug.xcconfig */,
				8747EAC5112573C7139AF8D1 /* Release.xcconfig */,
			);
			path = Config;
			sourceTree = "<group>";
		};
		BAAC3223EB509AF9671AEBAE /* Pyramid */ = {
			isa = PBXGroup;
			children = (
				6A8E3D04E8EF306388292F9D /* Resources */,
				0DAE5BC29770F4C842492A24 /* Sources */,
			);
			path = Pyramid;
			sourceTree = "<group>";
		};
		C0ACFA7DE285E16736ECC097 /* PyramidUITests */ = {
			isa = PBXGroup;
			children = (
				2439413A5D89DC3B0FB2B44B /* PyramidUITests.swift */,
			);
			path = PyramidUITests;
			sourceTree = "<group>";
		};
		C7C5B800DBD58B91F4EC73A1 /* Products */ = {
			isa = PBXGroup;
			children = (
				82F47822297EAF10E0237AC5 /* Pyramid.app */,
				15D59E24206FC0EA7FED90FA /* PyramidTests.xctest */,
				42379DA3E6430A94B9D0CCDB /* PyramidUITests.xctest */,
			);
			name = Products;
			sourceTree = "<group>";
		};
		CF8F7EF6106B8162CA162FD1 /* DesignSystem */ = {
			isa = PBXGroup;
			children = (
				A20EEF6DF0971C84B2752983 /* Icons.swift */,
				AFE022A9349F1AA3A1C91AAA /* Theme.swift */,
				C5D3DBB275023CAAEE77B7E6 /* ThemeColors.swift */,
				75F26D06C3C9C88A1D2D1492 /* ThemeSpacing.swift */,
				55B40A2C5A1E662F39AFFF4D /* ThemeTypography.swift */,
				6E52E27F4AAE12732F38C109 /* Components */,
			);
			path = DesignSystem;
			sourceTree = "<group>";
		};
		D7D9A854726DED9A939C085F /* Services */ = {
			isa = PBXGroup;
			children = (
				BBF8340D3551DE2055CE9810 /* AuthService.swift */,
				C4D1CCAF5D25A85F75E467DC /* DevResetService.swift */,
				F4A917CC8D1E61EAB117893D /* HomeService.swift */,
				A7087D5C0F7D5B30E7C38D5E /* HomeService+Results.swift */,
				334B3F95F52FDB1F1BDD29CE /* LeagueService.swift */,
				B51FAB807FAD71BC12433A4C /* NotificationPreferencesService.swift */,
				D777CF3A60C13FAA223F9058 /* NotificationService.swift */,
				CA2AB64C6D691C6A43512A0F /* PaidLeagueService.swift */,
				2AF21542E7A38A26F09257F8 /* PickService.swift */,
				C6081BF5D459A20E3A05CF49 /* ProfileService.swift */,
				312D0FA3E5C4632084A176EE /* ResultsService.swift */,
				EDC52855C3048BF9B6B8F30F /* StandingsService.swift */,
				96279BADF0DD877B6F1E4583 /* WalletService.swift */,
			);
			path = Services;
			sourceTree = "<group>";
		};
		DE76900BD73EEF3FA83B9089 /* Picks */ = {
			isa = PBXGroup;
			children = (
				2D9EB9DDBE53CF7BEF9B305D /* ConfettiView.swift */,
				6A737D337CC0D9C3DD7714DB /* FixturePickRow.swift */,
				26831BF8D897F9900446B241 /* PickHistoryView.swift */,
				D977B122AEA6F2FD67E78811 /* PickHistoryViewModel.swift */,
				C4DE569154E88F8F744FA9EE /* PicksView.swift */,
				7446A3311FC4D09B53500705 /* PicksViewModel.swift */,
				F3B420A835DBEB60E1455BEC /* TeamBadge.swift */,
			);
			path = Picks;
			sourceTree = "<group>";
		};
		E0953FF253E7980D5837D1F1 /* Leagues */ = {
			isa = PBXGroup;
			children = (
				32951A4690F620B60F611917 /* BrowseLeaguesView.swift */,
				2B0E11FAEF89DD91D1C66F27 /* BrowseLeaguesViewModel.swift */,
				C387D07BEAC18E4F601DE2EF /* CreateLeagueView.swift */,
				F63B37BEFCB4682687939E4D /* CreateLeagueViewModel.swift */,
				1F92B2128386637B702FCB12 /* JoinLeagueView.swift */,
				5400A7FE42C06A3A94D18530 /* JoinLeagueViewModel.swift */,
				A820EA2E715BCCC4D24C745F /* JoinPaidLeagueView.swift */,
				90E51A69C9956AE38B5BC50D /* JoinPaidLeagueView+Subviews.swift */,
				F4C442226AEE75950E7DBF39 /* JoinPaidLeagueViewModel.swift */,
				55215FBC5D5182D9EFF96329 /* LeagueCompleteView.swift */,
				2485ABB28B60E960F5EF2DBD /* LeagueCreatedView.swift */,
				80B986FB70A636F5DD70A708 /* LeagueDetailView.swift */,
				FA78A7680CA200466833A894 /* LeagueDetailView+Complete.swift */,
				3259B64351AE3F7BEA0C5371 /* LeagueDetailView+MyPick.swift */,
				9B2439FBEE2B6C2E0BDCAD79 /* LeagueDetailView+Paid.swift */,
				4696D6AF279C4078BE60AB5A /* LeagueDetailView+Row.swift */,
				4275A214EFB0ACFC61834626 /* LeagueDetailView+Stats.swift */,
				29BF730C75D35E03E1378D24 /* LeagueDetailViewModel.swift */,
				21B4F0E8C24BE1594C483E0B /* LeaguesView.swift */,
				EB8658DE59E52977533B5D63 /* LeaguesView+EmptyState.swift */,
				314496D0C15C23D765B95D20 /* LeaguesView+Row.swift */,
				C85AC94E06CB38EE15F06FBD /* LeaguesViewModel.swift */,
			);
			path = Leagues;
			sourceTree = "<group>";
		};
		E120C901AABAB8B890BA94F4 /* Shared */ = {
			isa = PBXGroup;
			children = (
				CB29F01766DC5BCB51AB45C5 /* AppError.swift */,
				298239CC4E1599B8F4D3DD6B /* ColorHex.swift */,
				48C9C8665BDFF415589ABE7A /* FeatureFlags.swift */,
				AD7BAEC05B2931D2A196CC6E /* Log.swift */,
				B05E74013E0DD11B4E81E359 /* ShareSheet.swift */,
				1058DD31F7E446B643331071 /* SupabaseDependency.swift */,
				CF8F7EF6106B8162CA162FD1 /* DesignSystem */,
			);
			path = Shared;
			sourceTree = "<group>";
		};
		E7030BC2244C30637F41EBD3 /* App */ = {
			isa = PBXGroup;
			children = (
				0A0FCC08CF3FA0B871AD1842 /* AppState.swift */,
				2633AE9B5F6EF75C4868CB74 /* main.swift */,
				EE1157CEFF33FEBE3B474AD1 /* MainTabView.swift */,
				57CD810A22A171F8ABC04150 /* PyramidApp.swift */,
				92D006D5D7CA358114130A85 /* RootView.swift */,
			);
			path = App;
			sourceTree = "<group>";
		};
		F0CF51E430FE32795ABC7904 /* Auth */ = {
			isa = PBXGroup;
			children = (
				70E0ABF6DBF67D43B8A72403 /* AppleSignInCoordinator.swift */,
				CC95918095D0EA3F4C29A0AA /* AuthView.swift */,
				10DAC9EC7F5C9AC1B950E9F1 /* AuthViewModel.swift */,
				765A7BEA9430F7062517F93F /* GoogleGLogo.swift */,
			);
			path = Auth;
			sourceTree = "<group>";
		};
		F17C7339A213A5A583380444 = {
			isa = PBXGroup;
			children = (
				B1B20088E7E897DDC1A96BD5 /* Config */,
				BAAC3223EB509AF9671AEBAE /* Pyramid */,
				0EA48DC6097B7B24699A8899 /* PyramidTests */,
				C0ACFA7DE285E16736ECC097 /* PyramidUITests */,
				C7C5B800DBD58B91F4EC73A1 /* Products */,
			);
			sourceTree = "<group>";
		};
/* End PBXGroup section */

/* Begin PBXNativeTarget section */
		8D5FE8017604D56B24BCF779 /* PyramidUITests */ = {
			isa = PBXNativeTarget;
			buildConfigurationList = 9A8FF6C8B337CAFB7C4E5A29 /* Build configuration list for PBXNativeTarget "PyramidUITests" */;
			buildPhases = (
				BD4EAD4CD0812DA80A51303C /* Sources */,
			);
			buildRules = (
			);
			dependencies = (
				11A5BBF20C1C7DA2E1190B60 /* PBXTargetDependency */,
			);
			name = PyramidUITests;
			packageProductDependencies = (
			);
			productName = PyramidUITests;
			productReference = 42379DA3E6430A94B9D0CCDB /* PyramidUITests.xctest */;
			productType = "com.apple.product-type.bundle.ui-testing";
		};
		9E5A9B62214261BFA80BBBFA /* PyramidTests */ = {
			isa = PBXNativeTarget;
			buildConfigurationList = E71F7BFA99F401383190FBFA /* Build configuration list for PBXNativeTarget "PyramidTests" */;
			buildPhases = (
				EF69B12E0E0C5AC5EBDB3477 /* Sources */,
			);
			buildRules = (
			);
			dependencies = (
				415D57847BC5534288EF322D /* PBXTargetDependency */,
			);
			name = PyramidTests;
			packageProductDependencies = (
			);
			productName = PyramidTests;
			productReference = 15D59E24206FC0EA7FED90FA /* PyramidTests.xctest */;
			productType = "com.apple.product-type.bundle.unit-test";
		};
		BA0B4CACCB7889CF292A7E0D /* Pyramid */ = {
			isa = PBXNativeTarget;
			buildConfigurationList = 37846DAA8CCECDD4ADF11D6B /* Build configuration list for PBXNativeTarget "Pyramid" */;
			buildPhases = (
				A0CEA1FDFB6D5058911217D5 /* Sources */,
				216113E7FACB73C9C976973F /* Resources */,
				B89AE53CAAAC96B490772C99 /* Frameworks */,
			);
			buildRules = (
			);
			dependencies = (
			);
			name = Pyramid;
			packageProductDependencies = (
				9BBCF177D8E7D14FC85A2F79 /* Supabase */,
			);
			productName = Pyramid;
			productReference = 82F47822297EAF10E0237AC5 /* Pyramid.app */;
			productType = "com.apple.product-type.application";
		};
/* End PBXNativeTarget section */

/* Begin PBXProject section */
		9A4DECC93E7D277F72BBA523 /* Project object */ = {
			isa = PBXProject;
			attributes = {
				BuildIndependentTargetsInParallel = YES;
				LastUpgradeCheck = 1500;
				TargetAttributes = {
					8D5FE8017604D56B24BCF779 = {
						TestTargetID = BA0B4CACCB7889CF292A7E0D;
					};
					BA0B4CACCB7889CF292A7E0D = {
						DevelopmentTeam = "";
					};
				};
			};
			buildConfigurationList = 9B66A7C084CB0CEFAEB17DBD /* Build configuration list for PBXProject "Pyramid" */;
			developmentRegion = en;
			hasScannedForEncodings = 0;
			knownRegions = (
				Base,
				en,
			);
			mainGroup = F17C7339A213A5A583380444;
			minimizedProjectReferenceProxies = 1;
			packageReferences = (
				2B6602D8A98069AF91E8D16D /* XCRemoteSwiftPackageReference "supabase-swift" */,
			);
			preferredProjectObjectVersion = 77;
			productRefGroup = C7C5B800DBD58B91F4EC73A1 /* Products */;
			projectDirPath = "";
			projectRoot = "";
			targets = (
				BA0B4CACCB7889CF292A7E0D /* Pyramid */,
				9E5A9B62214261BFA80BBBFA /* PyramidTests */,
				8D5FE8017604D56B24BCF779 /* PyramidUITests */,
			);
		};
/* End PBXProject section */

/* Begin PBXResourcesBuildPhase section */
		216113E7FACB73C9C976973F /* Resources */ = {
			isa = PBXResourcesBuildPhase;
			buildActionMask = 2147483647;
			files = (
				3D493E78B785A7D3FD97BF35 /* Assets.xcassets in Resources */,
				CAF6035A63F3ECE0739BDEF1 /* PrivacyInfo.xcprivacy in Resources */,
			);
			runOnlyForDeploymentPostprocessing = 0;
		};
/* End PBXResourcesBuildPhase section */

/* Begin PBXSourcesBuildPhase section */
		A0CEA1FDFB6D5058911217D5 /* Sources */ = {
			isa = PBXSourcesBuildPhase;
			buildActionMask = 2147483647;
			files = (
				09BA31524053D46EBF2F0A12 /* AppError.swift in Sources */,
				E2E8101EE8A36E77B918555A /* AppState.swift in Sources */,
				A109EC01570935EEA0659200 /* AppleSignInCoordinator.swift in Sources */,
				97C476250A341A74BE0CCF44 /* AuthService.swift in Sources */,
				C982F902B95FEA0B5AADDDC8 /* AuthView.swift in Sources */,
				9BABBF1862353D78467A05C1 /* AuthViewModel.swift in Sources */,
				976970E376FBEB55CCD2BB4C /* BrowseLeague.swift in Sources */,
				0DE9DD6CD2045D9CEC06F13E /* BrowseLeaguesView.swift in Sources */,
				E5E750992589E6C0F6CDB6C7 /* BrowseLeaguesViewModel.swift in Sources */,
				B90E3D25AC9B855EC6852C6D /* ColorHex.swift in Sources */,
				B9AC5BCA9BD7755B156821B6 /* ConfettiView.swift in Sources */,
				EA57A2E5E39C664FBA18C87D /* CreateLeagueView.swift in Sources */,
				5B1D3BD5BF64D0868A40FD12 /* CreateLeagueViewModel.swift in Sources */,
				FBB9430147FB54171E83FFCD /* DSButton.swift in Sources */,
				2BC557CC3EADA62F50338CCA /* DSCard.swift in Sources */,
				56CC2E236030EE4F473EB416 /* DSTextField.swift in Sources */,
				29A2206B22EE30D254A97647 /* DevResetService.swift in Sources */,
				4D0DF1D18E3E6CECED885E65 /* EmptyStateView.swift in Sources */,
				96FEC9F9271033CA619EAD6C /* ErrorStateView.swift in Sources */,
				14E2ECAD13057A938E1C4719 /* FeatureFlags.swift in Sources */,
				E4740370A7568165D66364B7 /* Fixture.swift in Sources */,
				E280E02205887CCD8FE949C0 /* FixturePickRow.swift in Sources */,
				01DD6DAA1AB77AEBEB9E9445 /* Gameweek.swift in Sources */,
				2E15854077E5DD6DDE3174EE /* GoogleGLogo.swift in Sources */,
				D12C5F5A9B89E14E8900B3C6 /* HomeData.swift in Sources */,
				3BC2D63D9468ABAB568C53CB /* HomeService+Results.swift in Sources */,
				D1EAEB20746F6A1D899FCB8E /* HomeService.swift in Sources */,
				D1149DA3751901F907A1081F /* HomeView+Leagues.swift in Sources */,
				A1E645A0AB8484B6EF286AD9 /* HomeView+LiveMatch.swift in Sources */,
				FD7AC7C8F9B47442458B3C29 /* HomeView+Results.swift in Sources */,
				09C7D71D93EEFEBA179955E1 /* HomeView.swift in Sources */,
				0EE5AAF2D746D1A12E5C7D57 /* HomeViewModel.swift in Sources */,
				0C2DC6ACB464002B41FEA8BC /* Icons.swift in Sources */,
				A9CB58CA3A97B59755CD5097 /* JoinLeagueView.swift in Sources */,
				6CDBCAD0778793C345BF146E /* JoinLeagueViewModel.swift in Sources */,
				036DD3A47815789A75D32912 /* JoinPaidLeagueView+Subviews.swift in Sources */,
				797E94A6CEB57E38168B66EE /* JoinPaidLeagueView.swift in Sources */,
				F6FB284AFFF65A792CC1ADFB /* JoinPaidLeagueViewModel.swift in Sources */,
				E0541239BC012BD8CF86F558 /* League+Paid.swift in Sources */,
				0D4C0C6EB925B28A65785DE7 /* League.swift in Sources */,
				4995279C4CAEB9551195E099 /* LeagueCompleteView.swift in Sources */,
				AE50172FE0206CEECC9A36E9 /* LeagueCreatedView.swift in Sources */,
				9B28E327E05DB10A75A8BE03 /* LeagueDetailView+Complete.swift in Sources */,
				937701AA830180DFC878D519 /* LeagueDetailView+MyPick.swift in Sources */,
				0D79E4579CB7F23AA8175EB9 /* LeagueDetailView+Paid.swift in Sources */,
				A22D55B8BC113D8F8C25266D /* LeagueDetailView+Row.swift in Sources */,
				394B36BDFC9E6193A2B80389 /* LeagueDetailView+Stats.swift in Sources */,
				5FD672369F2F07E944517E6C /* LeagueDetailView.swift in Sources */,
				13276B4BB8B6DAE2DC10E93D /* LeagueDetailViewModel.swift in Sources */,
				BCD62DC3E165765ADBC71D63 /* LeagueMember+Paid.swift in Sources */,
				4E70BBEDA3326F3325610985 /* LeagueMember.swift in Sources */,
				2FCEB6BA829EC93E079DED85 /* LeaguePreview.swift in Sources */,
				F00FD2B545BABFBACE1D27B5 /* LeagueService.swift in Sources */,
				155C54060AD809FA40F6602B /* LeaguesView+EmptyState.swift in Sources */,
				7D802E7A1FAB28A7F6B67539 /* LeaguesView+Row.swift in Sources */,
				9CD37873BEEB5DC6E7ADBA05 /* LeaguesView.swift in Sources */,
				319A129B56079D021616A322 /* LeaguesViewModel.swift in Sources */,
				6600A4A50ED0A47DBB6F4A73 /* Log.swift in Sources */,
				D21DBEA23D9F0317191D8415 /* MainTabView.swift in Sources */,
				E5AEF85652A0784CA39BDBCF /* NotificationPreferences.swift in Sources */,
				C9E260D01C9AA32B5AD05A5B /* NotificationPreferencesService.swift in Sources */,
				221D54F9C05D7B44FFAB4AC0 /* NotificationPreferencesView.swift in Sources */,
				9ADB9036DC96AEEFD2A2247F /* NotificationPreferencesViewModel.swift in Sources */,
				99A7952EFF6D4882824B622D /* NotificationService.swift in Sources */,
				94414CFCD6B1A40B6466906A /* OnboardingPage.swift in Sources */,
				D410036FE35A8276567F5B38 /* OnboardingView.swift in Sources */,
				9E9FB184FDAD9D611FE50C82 /* PaidLeague.swift in Sources */,
				8495A42365FCA8125FDCC0A3 /* PaidLeagueService.swift in Sources */,
				56C22940504502DFFEBBB4BE /* Pick.swift in Sources */,
				2D7DBA6EDE2F2535F124850B /* PickHistoryView.swift in Sources */,
				9E93958EE250D6B6BF0D1852 /* PickHistoryViewModel.swift in Sources */,
				6CDC076973D537CE150C8EA8 /* PickService.swift in Sources */,
				CEF0F8A07CD6478394576A7F /* PicksView.swift in Sources */,
				F5A1A1424F425CEAEF7F3E85 /* PicksViewModel.swift in Sources */,
				7C5CA7DDC77D53BE014A8737 /* ProfileService.swift in Sources */,
				95265E073D594933F67003B6 /* ProfileStats.swift in Sources */,
				827D0432D1B3F2645EE11AE3 /* ProfileView+Stats.swift in Sources */,
				07D4065B76C454F135FBEEF6 /* ProfileView.swift in Sources */,
				B1884A48DEF1BF61EB073278 /* ProfileViewModel.swift in Sources */,
				0E083C85DC27FAF02D9BE4A4 /* PulsingDot.swift in Sources */,
				E19D354135AFF1048D946323 /* PyramidApp.swift in Sources */,
				490F9A1B4284771141E6B3D5 /* ResultsService.swift in Sources */,
				4843B64FD488579B895F5B35 /* ResultsView.swift in Sources */,
				EA15E4B40CF0B4AD6018E9B7 /* ResultsViewModel.swift in Sources */,
				ECCFB5B40F1C0FDC80E94869 /* RootView.swift in Sources */,
				5B703ED28C4EB3B3B19CA10C /* ShareSheet.swift in Sources */,
				C4D198A5D7680A6177525DE9 /* StandingsService.swift in Sources */,
				88159AEE668C70F7B75700E9 /* SupabaseDependency.swift in Sources */,
				225029DF0BEC0AFD0598257B /* TeamBadge.swift in Sources */,
				AE7F2FCAF778F50C36FCAC3F /* Theme.swift in Sources */,
				DBC5846C7E8E8D601DAB0F6B /* ThemeColors.swift in Sources */,
				24F3BAACAB43A7F520A0BA26 /* ThemeSpacing.swift in Sources */,
				C18944C3C19FAFF9A4F6EFF8 /* ThemeTypography.swift in Sources */,
				C3EBA9B61E38E15CC9573F2A /* TransactionRow.swift in Sources */,
				E3B7DDD618FAB97AD71C9556 /* WalletBalance.swift in Sources */,
				7ED7DBFE127BB0BC6B8BFCE4 /* WalletService.swift in Sources */,
				BFEFF38173238FF865088D99 /* WalletTransaction.swift in Sources */,
				792AE4EF19C36B51EB6B1FC5 /* WalletView+Sheets.swift in Sources */,
				067DB988E114446D5B88B2AE /* WalletView+Transactions.swift in Sources */,
				96D1A82E790D90918DA4B672 /* WalletView.swift in Sources */,
				7D436E5E9070E3F8F48E64CA /* WalletViewModel.swift in Sources */,
				5333C5A849111C688BBCCD20 /* main.swift in Sources */,
			);
			runOnlyForDeploymentPostprocessing = 0;
		};
		BD4EAD4CD0812DA80A51303C /* Sources */ = {
			isa = PBXSourcesBuildPhase;
			buildActionMask = 2147483647;
			files = (
				877E9354D98CD419291A1C2C /* PyramidUITests.swift in Sources */,
			);
			runOnlyForDeploymentPostprocessing = 0;
		};
		EF69B12E0E0C5AC5EBDB3477 /* Sources */ = {
			isa = PBXSourcesBuildPhase;
			buildActionMask = 2147483647;
			files = (
				7148A25510275A0026B45C25 /* AuthViewModelTests.swift in Sources */,
				4668BAF70224B38BF6FF3B73 /* CreateLeagueViewModelTests.swift in Sources */,
				CE3177E452A07A93E0C07479 /* JoinLeagueViewModelTests.swift in Sources */,
				1363475ADE53D059237648E4 /* JoinPaidLeagueViewModelTests.swift in Sources */,
				C3D394837CA733E73575D7E6 /* LeagueDetailViewModelTests.swift in Sources */,
				E3C1A5F1B5F4771FBCBBDF8D /* NotificationPreferencesViewModelTests.swift in Sources */,
				7E125965E933660839A52394 /* NotificationServiceTests.swift in Sources */,
				233E9BC5A265936419B27800 /* PicksViewModelTests.swift in Sources */,
				725CEFDA6A667F263372E146 /* ProfileViewModelTests.swift in Sources */,
				F43FDB28B825484117B8FAFB /* ResultsViewModelTests.swift in Sources */,
				73E4655BE72ED40E5B80E949 /* WalletViewModelTests.swift in Sources */,
			);
			runOnlyForDeploymentPostprocessing = 0;
		};
/* End PBXSourcesBuildPhase section */

/* Begin PBXTargetDependency section */
		11A5BBF20C1C7DA2E1190B60 /* PBXTargetDependency */ = {
			isa = PBXTargetDependency;
			target = BA0B4CACCB7889CF292A7E0D /* Pyramid */;
			targetProxy = 3CCE5D4188E8EE69DFBDCBFF /* PBXContainerItemProxy */;
		};
		415D57847BC5534288EF322D /* PBXTargetDependency */ = {
			isa = PBXTargetDependency;
			target = BA0B4CACCB7889CF292A7E0D /* Pyramid */;
			targetProxy = C1B29425AD2C1B57198E4989 /* PBXContainerItemProxy */;
		};
/* End PBXTargetDependency section */

/* Begin XCBuildConfiguration section */
		189BE77E5C4B5950B709D3B7 /* Debug */ = {
			isa = XCBuildConfiguration;
			buildSettings = {
				BUNDLE_LOADER = "$(TEST_HOST)";
				GENERATE_INFOPLIST_FILE = YES;
				LD_RUNPATH_SEARCH_PATHS = (
					"$(inherited)",
					"@executable_path/Frameworks",
					"@loader_path/Frameworks",
				);
				PRODUCT_BUNDLE_IDENTIFIER = com.pyramid.tests;
				SDKROOT = iphoneos;
				TARGETED_DEVICE_FAMILY = "1,2";
				TEST_HOST = "$(BUILT_PRODUCTS_DIR)/Pyramid.app/Pyramid";
			};
			name = Debug;
		};
		264F4B029977D06D5DB3C528 /* Debug */ = {
			isa = XCBuildConfiguration;
			buildSettings = {
				ASSETCATALOG_COMPILER_APPICON_NAME = AppIcon;
				CODE_SIGN_ENTITLEMENTS = Pyramid/Resources/Pyramid.entitlements;
				CODE_SIGN_IDENTITY = "iPhone Developer";
				DEVELOPMENT_TEAM = "";
				INFOPLIST_FILE = Pyramid/Resources/Info.plist;
				LD_RUNPATH_SEARCH_PATHS = (
					"$(inherited)",
					"@executable_path/Frameworks",
				);
				PRODUCT_BUNDLE_IDENTIFIER = com.pyramid.app;
				SDKROOT = iphoneos;
				TARGETED_DEVICE_FAMILY = "1,2";
			};
			name = Debug;
		};
		60FA6A4B9057DE3FBC062472 /* Release */ = {
			isa = XCBuildConfiguration;
			buildSettings = {
				ASSETCATALOG_COMPILER_APPICON_NAME = AppIcon;
				CODE_SIGN_ENTITLEMENTS = Pyramid/Resources/Pyramid.entitlements;
				CODE_SIGN_IDENTITY = "iPhone Developer";
				DEVELOPMENT_TEAM = "";
				INFOPLIST_FILE = Pyramid/Resources/Info.plist;
				LD_RUNPATH_SEARCH_PATHS = (
					"$(inherited)",
					"@executable_path/Frameworks",
				);
				PRODUCT_BUNDLE_IDENTIFIER = com.pyramid.app;
				SDKROOT = iphoneos;
				TARGETED_DEVICE_FAMILY = "1,2";
			};
			name = Release;
		};
		704F507B665E42D9185FC1A6 /* Debug */ = {
			isa = XCBuildConfiguration;
			buildSettings = {
				BUNDLE_LOADER = "$(TEST_HOST)";
				GENERATE_INFOPLIST_FILE = YES;
				LD_RUNPATH_SEARCH_PATHS = (
					"$(inherited)",
					"@executable_path/Frameworks",
					"@loader_path/Frameworks",
				);
				PRODUCT_BUNDLE_IDENTIFIER = com.pyramid.uitests;
				SDKROOT = iphoneos;
				TARGETED_DEVICE_FAMILY = "1,2";
				TEST_TARGET_NAME = Pyramid;
			};
			name = Debug;
		};
		87599863032FB039E47ABC3F /* Release */ = {
			isa = XCBuildConfiguration;
			baseConfigurationReference = 8747EAC5112573C7139AF8D1 /* Release.xcconfig */;
			buildSettings = {
				ALWAYS_SEARCH_USER_PATHS = NO;
				CLANG_ANALYZER_NONNULL = YES;
				CLANG_ANALYZER_NUMBER_OBJECT_CONVERSION = YES_AGGRESSIVE;
				CLANG_CXX_LANGUAGE_STANDARD = "gnu++14";
				CLANG_CXX_LIBRARY = "libc++";
				CLANG_ENABLE_MODULES = YES;
				CLANG_ENABLE_OBJC_ARC = YES;
				CLANG_ENABLE_OBJC_WEAK = YES;
				CLANG_WARN_BLOCK_CAPTURE_AUTORELEASING = YES;
				CLANG_WARN_BOOL_CONVERSION = YES;
				CLANG_WARN_COMMA = YES;
				CLANG_WARN_CONSTANT_CONVERSION = YES;
				CLANG_WARN_DEPRECATED_OBJC_IMPLEMENTATIONS = YES;
				CLANG_WARN_DIRECT_OBJC_ISA_USAGE = YES_ERROR;
				CLANG_WARN_DOCUMENTATION_COMMENTS = YES;
				CLANG_WARN_EMPTY_BODY = YES;
				CLANG_WARN_ENUM_CONVERSION = YES;
				CLANG_WARN_INFINITE_RECURSION = YES;
				CLANG_WARN_INT_CONVERSION = YES;
				CLANG_WARN_NON_LITERAL_NULL_CONVERSION = YES;
				CLANG_WARN_OBJC_IMPLICIT_RETAIN_SELF = YES;
				CLANG_WARN_OBJC_LITERAL_CONVERSION = YES;
				CLANG_WARN_OBJC_ROOT_CLASS = YES_ERROR;
				CLANG_WARN_QUOTED_INCLUDE_IN_FRAMEWORK_HEADER = YES;
				CLANG_WARN_RANGE_LOOP_ANALYSIS = YES;
				CLANG_WARN_STRICT_PROTOTYPES = YES;
				CLANG_WARN_SUSPICIOUS_MOVE = YES;
				CLANG_WARN_UNGUARDED_AVAILABILITY = YES_AGGRESSIVE;
				CLANG_WARN_UNREACHABLE_CODE = YES;
				CLANG_WARN__DUPLICATE_METHOD_MATCH = YES;
				COPY_PHASE_STRIP = NO;
				CURRENT_PROJECT_VERSION = 1;
				DEBUG_INFORMATION_FORMAT = "dwarf-with-dsym";
				ENABLE_NS_ASSERTIONS = NO;
				ENABLE_STRICT_OBJC_MSGSEND = YES;
				ENABLE_TESTABILITY = YES;
				GCC_C_LANGUAGE_STANDARD = gnu11;
				GCC_NO_COMMON_BLOCKS = YES;
				GCC_WARN_64_TO_32_BIT_CONVERSION = YES;
				GCC_WARN_ABOUT_RETURN_TYPE = YES_ERROR;
				GCC_WARN_UNDECLARED_SELECTOR = YES;
				GCC_WARN_UNINITIALIZED_AUTOS = YES_AGGRESSIVE;
				GCC_WARN_UNUSED_FUNCTION = YES;
				GCC_WARN_UNUSED_VARIABLE = YES;
				IPHONEOS_DEPLOYMENT_TARGET = 16.0;
				MARKETING_VERSION = 1.0.0;
				MTL_ENABLE_DEBUG_INFO = NO;
				MTL_FAST_MATH = YES;
				PRODUCT_NAME = "$(TARGET_NAME)";
				SDKROOT = iphoneos;
				SWIFT_COMPILATION_MODE = wholemodule;
				SWIFT_OPTIMIZATION_LEVEL = "-O";
				SWIFT_STRICT_CONCURRENCY = complete;
				SWIFT_VERSION = 5.9;
			};
			name = Release;
		};
		D91568C719E58D1392893EDF /* Debug */ = {
			isa = XCBuildConfiguration;
			baseConfigurationReference = 83A1FC8F1E2D276FAA656066 /* Debug.xcconfig */;
			buildSettings = {
				ALWAYS_SEARCH_USER_PATHS = NO;
				CLANG_ANALYZER_NONNULL = YES;
				CLANG_ANALYZER_NUMBER_OBJECT_CONVERSION = YES_AGGRESSIVE;
				CLANG_CXX_LANGUAGE_STANDARD = "gnu++14";
				CLANG_CXX_LIBRARY = "libc++";
				CLANG_ENABLE_MODULES = YES;
				CLANG_ENABLE_OBJC_ARC = YES;
				CLANG_ENABLE_OBJC_WEAK = YES;
				CLANG_WARN_BLOCK_CAPTURE_AUTORELEASING = YES;
				CLANG_WARN_BOOL_CONVERSION = YES;
				CLANG_WARN_COMMA = YES;
				CLANG_WARN_CONSTANT_CONVERSION = YES;
				CLANG_WARN_DEPRECATED_OBJC_IMPLEMENTATIONS = YES;
				CLANG_WARN_DIRECT_OBJC_ISA_USAGE = YES_ERROR;
				CLANG_WARN_DOCUMENTATION_COMMENTS = YES;
				CLANG_WARN_EMPTY_BODY = YES;
				CLANG_WARN_ENUM_CONVERSION = YES;
				CLANG_WARN_INFINITE_RECURSION = YES;
				CLANG_WARN_INT_CONVERSION = YES;
				CLANG_WARN_NON_LITERAL_NULL_CONVERSION = YES;
				CLANG_WARN_OBJC_IMPLICIT_RETAIN_SELF = YES;
				CLANG_WARN_OBJC_LITERAL_CONVERSION = YES;
				CLANG_WARN_OBJC_ROOT_CLASS = YES_ERROR;
				CLANG_WARN_QUOTED_INCLUDE_IN_FRAMEWORK_HEADER = YES;
				CLANG_WARN_RANGE_LOOP_ANALYSIS = YES;
				CLANG_WARN_STRICT_PROTOTYPES = YES;
				CLANG_WARN_SUSPICIOUS_MOVE = YES;
				CLANG_WARN_UNGUARDED_AVAILABILITY = YES_AGGRESSIVE;
				CLANG_WARN_UNREACHABLE_CODE = YES;
				CLANG_WARN__DUPLICATE_METHOD_MATCH = YES;
				COPY_PHASE_STRIP = NO;
				CURRENT_PROJECT_VERSION = 1;
				DEBUG_INFORMATION_FORMAT = dwarf;
				ENABLE_STRICT_OBJC_MSGSEND = YES;
				ENABLE_TESTABILITY = YES;
				GCC_C_LANGUAGE_STANDARD = gnu11;
				GCC_DYNAMIC_NO_PIC = NO;
				GCC_NO_COMMON_BLOCKS = YES;
				GCC_OPTIMIZATION_LEVEL = 0;
				GCC_PREPROCESSOR_DEFINITIONS = (
					"$(inherited)",
					"DEBUG=1",
				);
				GCC_WARN_64_TO_32_BIT_CONVERSION = YES;
				GCC_WARN_ABOUT_RETURN_TYPE = YES_ERROR;
				GCC_WARN_UNDECLARED_SELECTOR = YES;
				GCC_WARN_UNINITIALIZED_AUTOS = YES_AGGRESSIVE;
				GCC_WARN_UNUSED_FUNCTION = YES;
				GCC_WARN_UNUSED_VARIABLE = YES;
				IPHONEOS_DEPLOYMENT_TARGET = 16.0;
				MARKETING_VERSION = 1.0.0;
				MTL_ENABLE_DEBUG_INFO = INCLUDE_SOURCE;
				MTL_FAST_MATH = YES;
				ONLY_ACTIVE_ARCH = YES;
				PRODUCT_NAME = "$(TARGET_NAME)";
				SDKROOT = iphoneos;
				SWIFT_ACTIVE_COMPILATION_CONDITIONS = DEBUG;
				SWIFT_OPTIMIZATION_LEVEL = "-Onone";
				SWIFT_STRICT_CONCURRENCY = complete;
				SWIFT_VERSION = 5.9;
			};
			name = Debug;
		};
		D93A2C7C35F1AAB6D8DCF59D /* Release */ = {
			isa = XCBuildConfiguration;
			buildSettings = {
				BUNDLE_LOADER = "$(TEST_HOST)";
				GENERATE_INFOPLIST_FILE = YES;
				LD_RUNPATH_SEARCH_PATHS = (
					"$(inherited)",
					"@executable_path/Frameworks",
					"@loader_path/Frameworks",
				);
				PRODUCT_BUNDLE_IDENTIFIER = com.pyramid.tests;
				SDKROOT = iphoneos;
				TARGETED_DEVICE_FAMILY = "1,2";
				TEST_HOST = "$(BUILT_PRODUCTS_DIR)/Pyramid.app/Pyramid";
			};
			name = Release;
		};
		E8AE95EAA1606F2AA13F571E /* Release */ = {
			isa = XCBuildConfiguration;
			buildSettings = {
				BUNDLE_LOADER = "$(TEST_HOST)";
				GENERATE_INFOPLIST_FILE = YES;
				LD_RUNPATH_SEARCH_PATHS = (
					"$(inherited)",
					"@executable_path/Frameworks",
					"@loader_path/Frameworks",
				);
				PRODUCT_BUNDLE_IDENTIFIER = com.pyramid.uitests;
				SDKROOT = iphoneos;
				TARGETED_DEVICE_FAMILY = "1,2";
				TEST_TARGET_NAME = Pyramid;
			};
			name = Release;
		};
/* End XCBuildConfiguration section */

/* Begin XCConfigurationList section */
		37846DAA8CCECDD4ADF11D6B /* Build configuration list for PBXNativeTarget "Pyramid" */ = {
			isa = XCConfigurationList;
			buildConfigurations = (
				264F4B029977D06D5DB3C528 /* Debug */,
				60FA6A4B9057DE3FBC062472 /* Release */,
			);
			defaultConfigurationIsVisible = 0;
			defaultConfigurationName = Debug;
		};
		9A8FF6C8B337CAFB7C4E5A29 /* Build configuration list for PBXNativeTarget "PyramidUITests" */ = {
			isa = XCConfigurationList;
			buildConfigurations = (
				704F507B665E42D9185FC1A6 /* Debug */,
				E8AE95EAA1606F2AA13F571E /* Release */,
			);
			defaultConfigurationIsVisible = 0;
			defaultConfigurationName = Debug;
		};
		9B66A7C084CB0CEFAEB17DBD /* Build configuration list for PBXProject "Pyramid" */ = {
			isa = XCConfigurationList;
			buildConfigurations = (
				D91568C719E58D1392893EDF /* Debug */,
				87599863032FB039E47ABC3F /* Release */,
			);
			defaultConfigurationIsVisible = 0;
			defaultConfigurationName = Debug;
		};
		E71F7BFA99F401383190FBFA /* Build configuration list for PBXNativeTarget "PyramidTests" */ = {
			isa = XCConfigurationList;
			buildConfigurations = (
				189BE77E5C4B5950B709D3B7 /* Debug */,
				D93A2C7C35F1AAB6D8DCF59D /* Release */,
			);
			defaultConfigurationIsVisible = 0;
			defaultConfigurationName = Debug;
		};
/* End XCConfigurationList section */

/* Begin XCRemoteSwiftPackageReference section */
		2B6602D8A98069AF91E8D16D /* XCRemoteSwiftPackageReference "supabase-swift" */ = {
			isa = XCRemoteSwiftPackageReference;
			repositoryURL = "https://github.com/supabase/supabase-swift";
			requirement = {
				kind = upToNextMajorVersion;
				minimumVersion = 2.0.0;
			};
		};
/* End XCRemoteSwiftPackageReference section */

/* Begin XCSwiftPackageProductDependency section */
		9BBCF177D8E7D14FC85A2F79 /* Supabase */ = {
			isa = XCSwiftPackageProductDependency;
			package = 2B6602D8A98069AF91E8D16D /* XCRemoteSwiftPackageReference "supabase-swift" */;
			productName = Supabase;
		};
/* End XCSwiftPackageProductDependency section */
	};
	rootObject = 9A4DECC93E7D277F72BBA523 /* Project object */;
}
